{
  "name": "y",
  "version": "1.0.0",
  "lockfileVersion": 1,
  "requires": true,
  "dependencies": {
    "@babel/runtime": {
      "version": "7.16.3",
      "resolved": "https://registry.npmmirror.com/@babel/runtime/download/@babel/runtime-7.16.3.tgz?cache=0&sync_timestamp=1636494819594&other_urls=https%3A%2F%2Fregistry.npmmirror.com%2F%40babel%2Fruntime%2Fdownload%2F%40babel%2Fruntime-7.16.3.tgz",
      "integrity": "sha512-WBwekcqacdY2e9AF/Q7WLFUWmdJGJTkbjqTjoMDgXkVZ3ZRUvOPsLb5KdwISoQVsbP+DQzVZW4Zhci0DvpbNTQ==",
      "requires": {
        "regenerator-runtime": "^0.13.4"
      }
    },
    "@popperjs/core": {
      "version": "2.11.0",
      "resolved": "https://registry.npmmirror.com/@popperjs/core/download/@popperjs/core-2.11.0.tgz",
      "integrity": "sha512-zrsUxjLOKAzdewIDRWy9nsV1GQsKBCWaGwsZQlCgr6/q+vjyZhFgqedLfFBuI9anTPEUT4APq9Mu0SZBTzIcGQ=="
    },
    "@vue/babel-helper-vue-jsx-merge-props": {
      "version": "1.2.1",
      "resolved": "https://registry.npm.taobao.org/@vue/babel-helper-vue-jsx-merge-props/download/@vue/babel-helper-vue-jsx-merge-props-1.2.1.tgz?cache=0&sync_timestamp=1602851122331&other_urls=https%3A%2F%2Fregistry.npm.taobao.org%2F%40vue%2Fbabel-helper-vue-jsx-merge-props%2Fdownload%2F%40vue%2Fbabel-helper-vue-jsx-merge-props-1.2.1.tgz",
      "integrity": "sha1-MWJKelBfsU2h1YAjclpMXycOaoE="
    },
    "regenerator-runtime": {
      "version": "0.13.9",
      "resolved": "https://registry.nlark.com/regenerator-runtime/download/regenerator-runtime-0.13.9.tgz?cache=0&sync_timestamp=1626993001371&other_urls=https%3A%2F%2Fregistry.nlark.com%2Fregenerator-runtime%2Fdownload%2Fregenerator-runtime-0.13.9.tgz",
      "integrity": "sha1-iSV0Kpj/2QgUmI11Zq0wyjsmO1I="
    },
    "vant": {
      "version": "2.12.35",
      "resolved": "https://registry.npmmirror.com/vant/download/vant-2.12.35.tgz",
      "integrity": "sha512-qJZ3CtR4QjfWP2m+aW8hTF/uUED4QwKeYiCb08u/qSPNhiEbaon9OcG5aG/iydR1gmqZHD/+yzFO+6xh0XqRUQ==",
      "requires": {
        "@babel/runtime": "7.x",
        "@vant/icons": "^1.7.1",
        "@vant/popperjs": "^1.1.0",
        "@vue/babel-helper-vue-jsx-merge-props": "^1.0.0",
        "vue-lazyload": "1.2.3"
      }
    },
    "vant-weapp": {
      "version": "0.5.29",
      "resolved": "https://registry.npm.taobao.org/vant-weapp/download/vant-weapp-0.5.29.tgz",
      "integrity": "sha1-i7wJQmPNilYMkzKy514tuibMBeA="
    },
    "vue-lazyload": {
      "version": "1.2.3",
      "resolved": "https://registry.npm.taobao.org/vue-lazyload/download/vue-lazyload-1.2.3.tgz",
      "integrity": "sha1-kB+ewVx+bKeHgaK65KNDaGve2yw="
    }
  }
}
